
Microsoft Visual Studio Solution File, Format Version 12.00
# Visual Studio 15
VisualStudioVersion = 15.0.28307.1209
MinimumVisualStudioVersion = 10.0.40219.1
Project("{FAE04EC0-301F-11D3-BF4B-00C04F79EFBC}") = "AssymetricRSACriptPlaywrigth", "AssymetricRSACriptPlaywrigth\AssymetricRSACriptPlaywrigth.csproj", "{107B610F-197B-46C9-8DB4-5E337F372E94}"
EndProject
Global
	GlobalSection(SolutionConfigurationPlatforms) = preSolution
		Debug|Any CPU = Debug|Any CPU
		Release|Any CPU = Release|Any CPU
	EndGlobalSection
	GlobalSection(ProjectConfigurationPlatforms) = postSolution
		{107B610F-197B-46C9-8DB4-5E337F372E94}.Debug|Any CPU.ActiveCfg = Debug|Any CPU
		{107B610F-197B-46C9-8DB4-5E337F372E94}.Debug|Any CPU.Build.0 = Debug|Any CPU
		{107B610F-197B-46C9-8DB4-5E337F372E94}.Release|Any CPU.ActiveCfg = Release|Any CPU
		{107B610F-197B-46C9-8DB4-5E337F372E94}.Release|Any CPU.Build.0 = Release|Any CPU
	EndGlobalSection
	GlobalSection(SolutionProperties) = preSolution
		HideSolutionNode = FALSE
	EndGlobalSection
	GlobalSection(ExtensibilityGlobals) = postSolution
		SolutionGuid = {48ECB02C-5504-4660-ADEB-6BD4F7BE8583}
	EndGlobalSection
EndGlobal
